
Microsoft Visual Studio Solution File, Format Version 12.00
# Visual Studio Version 17
VisualStudioVersion = 17.2.32602.215
MinimumVisualStudioVersion = 10.0.40219.1
Project("{FAE04EC0-301F-11D3-BF4B-00C04F79EFBC}") = "FRONTTOBACK", "FRONTTOBACK\FRONTTOBACK.csproj", "{391A792B-7526-499F-8599-F677ABC15562}"
EndProject
Global
	GlobalSection(SolutionConfigurationPlatforms) = preSolution
		Debug|Any CPU = Debug|Any CPU
		Release|Any CPU = Release|Any CPU
	EndGlobalSection
	GlobalSection(ProjectConfigurationPlatforms) = postSolution
		{391A792B-7526-499F-8599-F677ABC15562}.Debug|Any CPU.ActiveCfg = Debug|Any CPU
		{391A792B-7526-499F-8599-F677ABC15562}.Debug|Any CPU.Build.0 = Debug|Any CPU
		{391A792B-7526-499F-8599-F677ABC15562}.Release|Any CPU.ActiveCfg = Release|Any CPU
		{391A792B-7526-499F-8599-F677ABC15562}.Release|Any CPU.Build.0 = Release|Any CPU
	EndGlobalSection
	GlobalSection(SolutionProperties) = preSolution
		HideSolutionNode = FALSE
	EndGlobalSection
	GlobalSection(ExtensibilityGlobals) = postSolution
		SolutionGuid = {652481C6-7B30-4E13-A1FD-40CB3D2D15DC}
	EndGlobalSection
EndGlobal
